lockfileVersion: '9.0'

settings:
  autoInstallPeers: true
  excludeLinksFromLockfile: false

importers:

  .:
    dependencies:
      emoji-regex:
        specifier: ^10.5.0
        version: 10.5.0

packages:

  emoji-regex@10.5.0:
    resolution: {integrity: sha512-lb49vf1Xzfx080OKA0o6l8DQQpV+6Vg95zyCJX9VB/BqKYlhG7N4wgROUUHRA+ZPUefLnteQOad7z1kT2bV7bg==}

snapshots:

  emoji-regex@10.5.0: {}
